
Microsoft Visual Studio Solution File, Format Version 12.00
# Visual Studio Version 17
VisualStudioVersion = 17.4.33110.190
MinimumVisualStudioVersion = 10.0.40219.1
Project("{FAE04EC0-301F-11D3-BF4B-00C04F79EFBC}") = "MyConsoleApp", "MyConsoleApp\MyConsoleApp.csproj", "{A1A765B8-DA99-4C61-8BEA-32060FBAB04E}"
	ProjectSection(ProjectDependencies) = postProject
		{7E9B9FD0-2112-4435-A40D-18049BC2A1E4} = {7E9B9FD0-2112-4435-A40D-18049BC2A1E4}
	EndProjectSection
EndProject
Project("{FAE04EC0-301F-11D3-BF4B-00C04F79EFBC}") = "MyClassLibrary", "MyClassLibrary\MyClassLibrary.csproj", "{7E9B9FD0-2112-4435-A40D-18049BC2A1E4}"
EndProject
Global
	GlobalSection(SolutionConfigurationPlatforms) = preSolution
		Debug|Any CPU = Debug|Any CPU
		Release|Any CPU = Release|Any CPU
	EndGlobalSection
	GlobalSection(ProjectConfigurationPlatforms) = postSolution
		{A1A765B8-DA99-4C61-8BEA-32060FBAB04E}.Debug|Any CPU.ActiveCfg = Debug|Any CPU
		{A1A765B8-DA99-4C61-8BEA-32060FBAB04E}.Debug|Any CPU.Build.0 = Debug|Any CPU
		{A1A765B8-DA99-4C61-8BEA-32060FBAB04E}.Release|Any CPU.ActiveCfg = Release|Any CPU
		{A1A765B8-DA99-4C61-8BEA-32060FBAB04E}.Release|Any CPU.Build.0 = Release|Any CPU
		{7E9B9FD0-2112-4435-A40D-18049BC2A1E4}.Debug|Any CPU.ActiveCfg = Debug|Any CPU
		{7E9B9FD0-2112-4435-A40D-18049BC2A1E4}.Debug|Any CPU.Build.0 = Debug|Any CPU
		{7E9B9FD0-2112-4435-A40D-18049BC2A1E4}.Release|Any CPU.ActiveCfg = Release|Any CPU
		{7E9B9FD0-2112-4435-A40D-18049BC2A1E4}.Release|Any CPU.Build.0 = Release|Any CPU
	EndGlobalSection
	GlobalSection(SolutionProperties) = preSolution
		HideSolutionNode = FALSE
	EndGlobalSection
	GlobalSection(ExtensibilityGlobals) = postSolution
		SolutionGuid = {331B3BF9-D35F-44FA-B348-4D22D29F1E63}
	EndGlobalSection
EndGlobal
